
Microsoft Visual Studio Solution File, Format Version 12.00
# Visual Studio Version 17
VisualStudioVersion = 17.5.33530.505
MinimumVisualStudioVersion = 10.0.40219.1
Project("{FAE04EC0-301F-11D3-BF4B-00C04F79EFBC}") = "Tarea2", "Tarea2\Tarea2.csproj", "{02544C91-B954-4196-B625-ECA2B82A7E0E}"
EndProject
Global
	GlobalSection(SolutionConfigurationPlatforms) = preSolution
		Debug|Any CPU = Debug|Any CPU
		Release|Any CPU = Release|Any CPU
	EndGlobalSection
	GlobalSection(ProjectConfigurationPlatforms) = postSolution
		{02544C91-B954-4196-B625-ECA2B82A7E0E}.Debug|Any CPU.ActiveCfg = Debug|Any CPU
		{02544C91-B954-4196-B625-ECA2B82A7E0E}.Debug|Any CPU.Build.0 = Debug|Any CPU
		{02544C91-B954-4196-B625-ECA2B82A7E0E}.Release|Any CPU.ActiveCfg = Release|Any CPU
		{02544C91-B954-4196-B625-ECA2B82A7E0E}.Release|Any CPU.Build.0 = Release|Any CPU
	EndGlobalSection
	GlobalSection(SolutionProperties) = preSolution
		HideSolutionNode = FALSE
	EndGlobalSection
	GlobalSection(ExtensibilityGlobals) = postSolution
		SolutionGuid = {5303DF30-0309-49D2-85C1-0B71A3CF9EC9}
	EndGlobalSection
EndGlobal
